
Microsoft Visual Studio Solution File, Format Version 11.00
# Visual Studio 2010
Project("{8BC9CEB8-8B4A-11D0-8D11-00A0C91BC942}") = "GCodeRestruct", "GCodeRestruct.vcxproj", "{BC22C91F-73A2-4D61-83F9-C6F141D5A43F}"
EndProject
Global
	GlobalSection(SolutionConfigurationPlatforms) = preSolution
		Debug|Win32 = Debug|Win32
		Release|Win32 = Release|Win32
	EndGlobalSection
	GlobalSection(ProjectConfigurationPlatforms) = postSolution
		{BC22C91F-73A2-4D61-83F9-C6F141D5A43F}.Debug|Win32.ActiveCfg = Debug|Win32
		{BC22C91F-73A2-4D61-83F9-C6F141D5A43F}.Debug|Win32.Build.0 = Debug|Win32
		{BC22C91F-73A2-4D61-83F9-C6F141D5A43F}.Release|Win32.ActiveCfg = Release|Win32
		{BC22C91F-73A2-4D61-83F9-C6F141D5A43F}.Release|Win32.Build.0 = Release|Win32
	EndGlobalSection
	GlobalSection(SolutionProperties) = preSolution
		HideSolutionNode = FALSE
	EndGlobalSection
EndGlobal
